{"version":4,"terraform_version":"1.10.6","serial":3,"lineage":"c5ae653b-dcad-d036-2c76-a875a4e530e6","outputs":{},"resources":[{"mode":"managed","type":"kubernetes_persistent_volume","name":"mariadb_pv","provider":"provider[\"registry.opentofu.org/hashicorp/kubernetes\"]","instances":[{"schema_version":0,"attributes":{"id":"mariadb-pv","metadata":[{"annotations":{},"generation":0,"labels":{},"name":"mariadb-pv","resource_version":"43702","uid":"5f2337bc-9ae2-4583-89f7-0364e7ff071c"}],"spec":[{"access_modes":["ReadWriteOnce"],"capacity":{"storage":"5Gi"},"claim_ref":[],"mount_options":[],"node_affinity":[],"persistent_volume_reclaim_policy":"Retain","persistent_volume_source":[{"aws_elastic_block_store":[],"azure_disk":[],"azure_file":[],"ceph_fs":[],"cinder":[],"csi":[],"fc":[],"flex_volume":[],"flocker":[],"gce_persistent_disk":[],"glusterfs":[],"host_path":[{"path":"/mnt/data/mariadb","type":""}],"iscsi":[],"local":[],"nfs":[],"photon_persistent_disk":[],"quobyte":[],"rbd":[],"vsphere_volume":[]}],"storage_class_name":"","volume_mode":"Filesystem"}],"timeouts":null},"sensitive_attributes":[],"private":"eyJlMmJmYjczMC1lY2FhLTExZTYtOGY4OC0zNDM2M2JjN2M0YzAiOnsiY3JlYXRlIjozMDAwMDAwMDAwMDB9fQ=="}]},{"mode":"managed","type":"kubernetes_persistent_volume_claim","name":"mariadb_pvc","provider":"provider[\"registry.opentofu.org/hashicorp/kubernetes\"]","instances":[{"schema_version":0,"attributes":{"id":"default/mariadb-pvc","metadata":[{"annotations":null,"generate_name":"","generation":0,"labels":null,"name":"mariadb-pvc","namespace":"default","resource_version":"43822","uid":"87edadf0-02ef-4c57-82d2-c8446aeb659f"}],"spec":[{"access_modes":["ReadWriteOnce"],"resources":[{"limits":null,"requests":{"storage":"5Gi"}}],"selector":[],"storage_class_name":"standard","volume_mode":"Filesystem","volume_name":"pvc-87edadf0-02ef-4c57-82d2-c8446aeb659f"}],"timeouts":null,"wait_until_bound":true},"sensitive_attributes":[],"private":"eyJlMmJmYjczMC1lY2FhLTExZTYtOGY4OC0zNDM2M2JjN2M0YzAiOnsiY3JlYXRlIjozMDAwMDAwMDAwMDB9fQ=="}]},{"mode":"managed","type":"kubernetes_secret","name":"mariadb_secret","provider":"provider[\"registry.opentofu.org/hashicorp/kubernetes\"]","instances":[{"schema_version":0,"attributes":{"binary_data":null,"binary_data_wo":null,"binary_data_wo_revision":null,"data":{"mariadb-password":"c2lza2FtYXJpYWRi"},"data_wo":null,"data_wo_revision":null,"id":"default/mariadb-secret","immutable":false,"metadata":[{"annotations":{},"generate_name":"","generation":0,"labels":{},"name":"mariadb-secret","namespace":"default","resource_version":"43238","uid":"56dc9449-d44c-4316-b5fd-34c457539267"}],"timeouts":null,"type":"Opaque","wait_for_service_account_token":true},"sensitive_attributes":[[{"type":"get_attr","value":"binary_data"}],[{"type":"get_attr","value":"data"}]],"private":"eyJlMmJmYjczMC1lY2FhLTExZTYtOGY4OC0zNDM2M2JjN2M0YzAiOnsiY3JlYXRlIjo2MDAwMDAwMDAwMH19"}]}],"check_results":null}
